<?xml version="1.0" encoding="utf-8"?>
<Project ToolsVersion="4.0" xmlns="http://schemas.microsoft.com/developer/msbuild/2003">
  <ItemGroup>
    <ClCompile Include="src/GL3XCoreRender.cpp" />
    <ClCompile Include="src/Main.cpp" />
    <ClCompile Include="src/PluginCore.cpp" />
    <ClCompile Include="src\GL\glew.c">
      <Filter>GLEW</Filter>
    </ClCompile>
    <ClCompile Include="src\wgl.cpp" />
  </ItemGroup>
  <ItemGroup>
    <ClInclude Include="src/GL3XCoreRender.h" />
    <ClInclude Include="src/PluginCore.h" />
    <ClInclude Include="src\GL\wglew.h">
      <Filter>GLEW</Filter>
    </ClInclude>
    <ClInclude Include="src\GL\glew.h">
      <Filter>GLEW</Filter>
    </ClInclude>
  </ItemGroup>
  <ItemGroup>
    <None Include="exports.def" />
    <None Include="src\shaders\camera_frag.shader" />
    <None Include="src\shaders\camera_vert.shader" />
  </ItemGroup>
  <ItemGroup>
    <Filter Include="GLEW">
      <UniqueIdentifier>{40cdee65-df68-4b5e-8e6c-2d2ac4862c4a}</UniqueIdentifier>
    </Filter>
  </ItemGroup>
</Project>